# @generated - this file is auto-generated by `mise lock` https://mise.jdx.dev/dev-tools/mise-lock.html

[[tools.actionlint]]
version = "1.7.12"
backend = "aqua:rhysd/actionlint"

[tools.actionlint."platforms.linux-arm64"]
checksum = "sha256:325e971b6ba9bfa504672e29be93c24981eeb1c07576d730e9f7c8805afff0c6"
url = "https://github.com/rhysd/actionlint/releases/download/v1.7.12/actionlint_1.7.12_linux_arm64.tar.gz"
url_api = "https://api.github.com/repos/rhysd/actionlint/releases/assets/384924897"
provenance = "github-attestations"

[tools.actionlint."platforms.linux-arm64-musl"]
checksum = "sha256:325e971b6ba9bfa504672e29be93c24981eeb1c07576d730e9f7c8805afff0c6"
url = "https://github.com/rhysd/actionlint/releases/download/v1.7.12/actionlint_1.7.12_linux_arm64.tar.gz"
url_api = "https://api.github.com/repos/rhysd/actionlint/releases/assets/384924897"
provenance = "github-attestations"

[tools.actionlint."platforms.linux-x64"]
checksum = "sha256:8aca8db96f1b94770f1b0d72b6dddcb1ebb8123cb3712530b08cc387b349a3d8"
url = "https://github.com/rhysd/actionlint/releases/download/v1.7.12/actionlint_1.7.12_linux_amd64.tar.gz"
url_api = "https://api.github.com/repos/rhysd/actionlint/releases/assets/384924896"
provenance = "github-attestations"

[tools.actionlint."platforms.linux-x64-baseline"]
checksum = "sha256:8aca8db96f1b94770f1b0d72b6dddcb1ebb8123cb3712530b08cc387b349a3d8"
url = "https://github.com/rhysd/actionlint/releases/download/v1.7.12/actionlint_1.7.12_linux_amd64.tar.gz"
url_api = "https://api.github.com/repos/rhysd/actionlint/releases/assets/384924896"
provenance = "github-attestations"

[tools.actionlint."platforms.linux-x64-musl"]
checksum = "sha256:8aca8db96f1b94770f1b0d72b6dddcb1ebb8123cb3712530b08cc387b349a3d8"
url = "https://github.com/rhysd/actionlint/releases/download/v1.7.12/actionlint_1.7.12_linux_amd64.tar.gz"
url_api = "https://api.github.com/repos/rhysd/actionlint/releases/assets/384924896"
provenance = "github-attestations"

[tools.actionlint."platforms.linux-x64-musl-baseline"]
checksum = "sha256:8aca8db96f1b94770f1b0d72b6dddcb1ebb8123cb3712530b08cc387b349a3d8"
url = "https://github.com/rhysd/actionlint/releases/download/v1.7.12/actionlint_1.7.12_linux_amd64.tar.gz"
url_api = "https://api.github.com/repos/rhysd/actionlint/releases/assets/384924896"
provenance = "github-attestations"

[tools.actionlint."platforms.macos-arm64"]
checksum = "sha256:aba9ced2dee8d27fecca3dc7feb1a7f9a52caefa1eb46f3271ea66b6e0e6953f"
url = "https://github.com/rhysd/actionlint/releases/download/v1.7.12/actionlint_1.7.12_darwin_arm64.tar.gz"
url_api = "https://api.github.com/repos/rhysd/actionlint/releases/assets/384924893"
provenance = "github-attestations"

[tools.actionlint."platforms.macos-x64"]
checksum = "sha256:5b44c3bc2255115c9b69e30efc0fecdf498fdb63c5d58e17084fd5f16324c644"
url = "https://github.com/rhysd/actionlint/releases/download/v1.7.12/actionlint_1.7.12_darwin_amd64.tar.gz"
url_api = "https://api.github.com/repos/rhysd/actionlint/releases/assets/384924880"
provenance = "github-attestations"

[tools.actionlint."platforms.macos-x64-baseline"]
checksum = "sha256:5b44c3bc2255115c9b69e30efc0fecdf498fdb63c5d58e17084fd5f16324c644"
url = "https://github.com/rhysd/actionlint/releases/download/v1.7.12/actionlint_1.7.12_darwin_amd64.tar.gz"
url_api = "https://api.github.com/repos/rhysd/actionlint/releases/assets/384924880"
provenance = "github-attestations"

[tools.actionlint."platforms.windows-x64"]
checksum = "sha256:6e7241b51e6817ea6a047693d8e6fed13b31819c9a0dd6c5a726e1592d22f6e9"
url = "https://github.com/rhysd/actionlint/releases/download/v1.7.12/actionlint_1.7.12_windows_amd64.zip"
url_api = "https://api.github.com/repos/rhysd/actionlint/releases/assets/384924919"
provenance = "github-attestations"

[tools.actionlint."platforms.windows-x64-baseline"]
checksum = "sha256:6e7241b51e6817ea6a047693d8e6fed13b31819c9a0dd6c5a726e1592d22f6e9"
url = "https://github.com/rhysd/actionlint/releases/download/v1.7.12/actionlint_1.7.12_windows_amd64.zip"
url_api = "https://api.github.com/repos/rhysd/actionlint/releases/assets/384924919"
provenance = "github-attestations"

[[tools."aqua:nextest-rs/nextest/cargo-nextest"]]
version = "0.9.140"
backend = "aqua:nextest-rs/nextest/cargo-nextest"

[tools."aqua:nextest-rs/nextest/cargo-nextest"."platforms.linux-arm64"]
checksum = "sha256:8b3f4d4560b6b0f83774fecc6be07e47716dbad0eb0bb6c3890f478f4affe4b6"
url = "https://github.com/nextest-rs/nextest/releases/download/cargo-nextest-0.9.140/cargo-nextest-0.9.140-aarch64-unknown-linux-gnu.tar.gz"
url_api = "https://api.github.com/repos/nextest-rs/nextest/releases/assets/467464894"

[tools."aqua:nextest-rs/nextest/cargo-nextest"."platforms.linux-arm64-musl"]
checksum = "sha256:81fe08bda065ae74fa9092c444d797c31e12c245080bfb9f4dc207e21def4b98"
url = "https://github.com/nextest-rs/nextest/releases/download/cargo-nextest-0.9.140/cargo-nextest-0.9.140-aarch64-unknown-linux-musl.tar.gz"
url_api = "https://api.github.com/repos/nextest-rs/nextest/releases/assets/467465128"

[tools."aqua:nextest-rs/nextest/cargo-nextest"."platforms.linux-x64"]
checksum = "sha256:bc2a998567816eef7b087b920036f49fb89aa2a8a603f6a3d84098be160b62c5"
url = "https://github.com/nextest-rs/nextest/releases/download/cargo-nextest-0.9.140/cargo-nextest-0.9.140-x86_64-unknown-linux-musl.tar.gz"
url_api = "https://api.github.com/repos/nextest-rs/nextest/releases/assets/467467089"

[tools."aqua:nextest-rs/nextest/cargo-nextest"."platforms.linux-x64-baseline"]
checksum = "sha256:bc2a998567816eef7b087b920036f49fb89aa2a8a603f6a3d84098be160b62c5"
url = "https://github.com/nextest-rs/nextest/releases/download/cargo-nextest-0.9.140/cargo-nextest-0.9.140-x86_64-unknown-linux-musl.tar.gz"
url_api = "https://api.github.com/repos/nextest-rs/nextest/releases/assets/467467089"

[tools."aqua:nextest-rs/nextest/cargo-nextest"."platforms.linux-x64-musl"]
checksum = "sha256:bc2a998567816eef7b087b920036f49fb89aa2a8a603f6a3d84098be160b62c5"
url = "https://github.com/nextest-rs/nextest/releases/download/cargo-nextest-0.9.140/cargo-nextest-0.9.140-x86_64-unknown-linux-musl.tar.gz"
url_api = "https://api.github.com/repos/nextest-rs/nextest/releases/assets/467467089"

[tools."aqua:nextest-rs/nextest/cargo-nextest"."platforms.linux-x64-musl-baseline"]
checksum = "sha256:bc2a998567816eef7b087b920036f49fb89aa2a8a603f6a3d84098be160b62c5"
url = "https://github.com/nextest-rs/nextest/releases/download/cargo-nextest-0.9.140/cargo-nextest-0.9.140-x86_64-unknown-linux-musl.tar.gz"
url_api = "https://api.github.com/repos/nextest-rs/nextest/releases/assets/467467089"

[tools."aqua:nextest-rs/nextest/cargo-nextest"."platforms.macos-arm64"]
checksum = "sha256:58e0a722f9444078fab447783f322acf15a2a771ba785b3fbbe8bacda31c3df9"
url = "https://github.com/nextest-rs/nextest/releases/download/cargo-nextest-0.9.140/cargo-nextest-0.9.140-universal-apple-darwin.tar.gz"
url_api = "https://api.github.com/repos/nextest-rs/nextest/releases/assets/467468113"

[tools."aqua:nextest-rs/nextest/cargo-nextest"."platforms.macos-x64"]
checksum = "sha256:58e0a722f9444078fab447783f322acf15a2a771ba785b3fbbe8bacda31c3df9"
url = "https://github.com/nextest-rs/nextest/releases/download/cargo-nextest-0.9.140/cargo-nextest-0.9.140-universal-apple-darwin.tar.gz"
url_api = "https://api.github.com/repos/nextest-rs/nextest/releases/assets/467468113"

[tools."aqua:nextest-rs/nextest/cargo-nextest"."platforms.macos-x64-baseline"]
checksum = "sha256:58e0a722f9444078fab447783f322acf15a2a771ba785b3fbbe8bacda31c3df9"
url = "https://github.com/nextest-rs/nextest/releases/download/cargo-nextest-0.9.140/cargo-nextest-0.9.140-universal-apple-darwin.tar.gz"
url_api = "https://api.github.com/repos/nextest-rs/nextest/releases/assets/467468113"

[tools."aqua:nextest-rs/nextest/cargo-nextest"."platforms.windows-x64"]
checksum = "sha256:b75c287b89df1fbfe033a98df058a94cd1f5119dab6ff56e4916e5a1597c7ac9"
url = "https://github.com/nextest-rs/nextest/releases/download/cargo-nextest-0.9.140/cargo-nextest-0.9.140-x86_64-pc-windows-msvc.tar.gz"
url_api = "https://api.github.com/repos/nextest-rs/nextest/releases/assets/467472280"

[tools."aqua:nextest-rs/nextest/cargo-nextest"."platforms.windows-x64-baseline"]
checksum = "sha256:b75c287b89df1fbfe033a98df058a94cd1f5119dab6ff56e4916e5a1597c7ac9"
url = "https://github.com/nextest-rs/nextest/releases/download/cargo-nextest-0.9.140/cargo-nextest-0.9.140-x86_64-pc-windows-msvc.tar.gz"
url_api = "https://api.github.com/repos/nextest-rs/nextest/releases/assets/467472280"

[[tools."aqua:protocolbuffers/protobuf/protoc"]]
version = "35.1"
backend = "aqua:protocolbuffers/protobuf/protoc"

[tools."aqua:protocolbuffers/protobuf/protoc"."platforms.linux-arm64"]
checksum = "sha256:01bf9d08808c7f96678b63f4bd8efa559bb4f83d5a7a270d5edaf507f9d5d9cf"
url = "https://github.com/protocolbuffers/protobuf/releases/download/v35.1/protoc-35.1-linux-aarch_64.zip"
url_api = "https://api.github.com/repos/protocolbuffers/protobuf/releases/assets/445060236"

[tools."aqua:protocolbuffers/protobuf/protoc"."platforms.linux-arm64-musl"]
checksum = "sha256:01bf9d08808c7f96678b63f4bd8efa559bb4f83d5a7a270d5edaf507f9d5d9cf"
url = "https://github.com/protocolbuffers/protobuf/releases/download/v35.1/protoc-35.1-linux-aarch_64.zip"
url_api = "https://api.github.com/repos/protocolbuffers/protobuf/releases/assets/445060236"

[tools."aqua:protocolbuffers/protobuf/protoc"."platforms.linux-x64"]
checksum = "sha256:6930ebf62bd4ea607b98fff052596c6ee564b9835b4ce172c75a3f53ae9d91b7"
url = "https://github.com/protocolbuffers/protobuf/releases/download/v35.1/protoc-35.1-linux-x86_64.zip"
url_api = "https://api.github.com/repos/protocolbuffers/protobuf/releases/assets/445060247"

[tools."aqua:protocolbuffers/protobuf/protoc"."platforms.linux-x64-baseline"]
checksum = "sha256:6930ebf62bd4ea607b98fff052596c6ee564b9835b4ce172c75a3f53ae9d91b7"
url = "https://github.com/protocolbuffers/protobuf/releases/download/v35.1/protoc-35.1-linux-x86_64.zip"
url_api = "https://api.github.com/repos/protocolbuffers/protobuf/releases/assets/445060247"

[tools."aqua:protocolbuffers/protobuf/protoc"."platforms.linux-x64-musl"]
checksum = "sha256:6930ebf62bd4ea607b98fff052596c6ee564b9835b4ce172c75a3f53ae9d91b7"
url = "https://github.com/protocolbuffers/protobuf/releases/download/v35.1/protoc-35.1-linux-x86_64.zip"
url_api = "https://api.github.com/repos/protocolbuffers/protobuf/releases/assets/445060247"

[tools."aqua:protocolbuffers/protobuf/protoc"."platforms.linux-x64-musl-baseline"]
checksum = "sha256:6930ebf62bd4ea607b98fff052596c6ee564b9835b4ce172c75a3f53ae9d91b7"
url = "https://github.com/protocolbuffers/protobuf/releases/download/v35.1/protoc-35.1-linux-x86_64.zip"
url_api = "https://api.github.com/repos/protocolbuffers/protobuf/releases/assets/445060247"

[tools."aqua:protocolbuffers/protobuf/protoc"."platforms.macos-arm64"]
checksum = "sha256:193289af0470c6a1aada357d4fba0bbf8d78bfaac8b5e42ca30af2ef75583de2"
url = "https://github.com/protocolbuffers/protobuf/releases/download/v35.1/protoc-35.1-osx-aarch_64.zip"
url_api = "https://api.github.com/repos/protocolbuffers/protobuf/releases/assets/445060249"

[tools."aqua:protocolbuffers/protobuf/protoc"."platforms.macos-x64"]
checksum = "sha256:537d73604a344ded6fc94e98e07e529d4fe3e4a0b09e59905353950fafc2a1f7"
url = "https://github.com/protocolbuffers/protobuf/releases/download/v35.1/protoc-35.1-osx-x86_64.zip"
url_api = "https://api.github.com/repos/protocolbuffers/protobuf/releases/assets/445060254"

[tools."aqua:protocolbuffers/protobuf/protoc"."platforms.macos-x64-baseline"]
checksum = "sha256:537d73604a344ded6fc94e98e07e529d4fe3e4a0b09e59905353950fafc2a1f7"
url = "https://github.com/protocolbuffers/protobuf/releases/download/v35.1/protoc-35.1-osx-x86_64.zip"
url_api = "https://api.github.com/repos/protocolbuffers/protobuf/releases/assets/445060254"

[tools."aqua:protocolbuffers/protobuf/protoc"."platforms.windows-x64"]
checksum = "sha256:5d3ff218d7d91eea95f7569bcb5a98f3030f8996d44151279d9772edcff76082"
url = "https://github.com/protocolbuffers/protobuf/releases/download/v35.1/protoc-35.1-win64.zip"
url_api = "https://api.github.com/repos/protocolbuffers/protobuf/releases/assets/445060259"

[tools."aqua:protocolbuffers/protobuf/protoc"."platforms.windows-x64-baseline"]
checksum = "sha256:5d3ff218d7d91eea95f7569bcb5a98f3030f8996d44151279d9772edcff76082"
url = "https://github.com/protocolbuffers/protobuf/releases/download/v35.1/protoc-35.1-win64.zip"
url_api = "https://api.github.com/repos/protocolbuffers/protobuf/releases/assets/445060259"

[[tools.bun]]
version = "1.3.14"
backend = "core:bun"

[tools.bun."platforms.linux-arm64"]
checksum = "sha256:a27ffb63a8310375836e0d6f668ae17fa8d8d18b88c37c821c65331973a19a3b"
url = "https://github.com/oven-sh/bun/releases/download/bun-v1.3.14/bun-linux-aarch64.zip"

[tools.bun."platforms.linux-arm64-musl"]
checksum = "sha256:b98e0ad3625c5c00d1d5b5ff55605c7adddbfae151861e68ade57b2d3b8703bb"
url = "https://github.com/oven-sh/bun/releases/download/bun-v1.3.14/bun-linux-aarch64-musl.zip"

[tools.bun."platforms.linux-x64"]
checksum = "sha256:951ee2aee855f08595aeec6225226a298d3fea83a3dcd6465c09cbccdf7e848f"
url = "https://github.com/oven-sh/bun/releases/download/bun-v1.3.14/bun-linux-x64.zip"

[tools.bun."platforms.linux-x64-baseline"]
checksum = "sha256:a063908ae08b7852ca10939bbdc6ceed3ddabce8fb9402dce83d65d73b36e6c7"
url = "https://github.com/oven-sh/bun/releases/download/bun-v1.3.14/bun-linux-x64-baseline.zip"

[tools.bun."platforms.linux-x64-musl"]
checksum = "sha256:14bd9aedeebf1dba67e8def9531c89bc989ecfdf1de42e5bfcaf1b8cd9294719"
url = "https://github.com/oven-sh/bun/releases/download/bun-v1.3.14/bun-linux-x64-musl.zip"

[tools.bun."platforms.linux-x64-musl-baseline"]
checksum = "sha256:56a7d6806cf155536c0178f0ea5fbd098e684fa509ebdb4fc0a7e19fb65382dc"
url = "https://github.com/oven-sh/bun/releases/download/bun-v1.3.14/bun-linux-x64-musl-baseline.zip"

[tools.bun."platforms.macos-arm64"]
checksum = "sha256:d8b96221828ad6f97ac7ac0ab7e95872341af763001e8803e8267652c2652620"
url = "https://github.com/oven-sh/bun/releases/download/bun-v1.3.14/bun-darwin-aarch64.zip"

[tools.bun."platforms.macos-x64"]
checksum = "sha256:4183df3374623e5bab315c547cfa0974533cd457d86b73b639f7a87974cd6633"
url = "https://github.com/oven-sh/bun/releases/download/bun-v1.3.14/bun-darwin-x64.zip"

[tools.bun."platforms.macos-x64-baseline"]
checksum = "sha256:3e35ad6f53971a9834bf9e6786e2adf72b5f1921cc9a9c5fde073d2972944076"
url = "https://github.com/oven-sh/bun/releases/download/bun-v1.3.14/bun-darwin-x64-baseline.zip"

[tools.bun."platforms.windows-x64"]
checksum = "sha256:0a0620930b6675d7ba440e81f4e0e00d3cfbe096c4b140d3fff02205e9e18922"
url = "https://github.com/oven-sh/bun/releases/download/bun-v1.3.14/bun-windows-x64.zip"

[tools.bun."platforms.windows-x64-baseline"]
checksum = "sha256:538f9c846355d9e847b2671bc00c47da4229a0befb24df3282b739770f3b475f"
url = "https://github.com/oven-sh/bun/releases/download/bun-v1.3.14/bun-windows-x64-baseline.zip"

[[tools.java]]
version = "oracle-graalvm-25.0.3"
backend = "core:java"

[tools.java."platforms.linux-arm64"]
checksum = "sha256:2c6e5ef63084c5f39c67cbf5c33d23c852df848d10cd50d76e667fff9c9cf2bc"
url = "https://download.oracle.com/graalvm/25/archive/graalvm-jdk-25.0.3_linux-aarch64_bin.tar.gz"

[tools.java."platforms.linux-x64"]
checksum = "sha256:1b5296613c3d12521d594e1c99302df88d8e1f07d74ab7983dbf572000b92c7c"
url = "https://download.oracle.com/graalvm/25/archive/graalvm-jdk-25.0.3_linux-x64_bin.tar.gz"

[tools.java."platforms.linux-x64-baseline"]
checksum = "sha256:1b5296613c3d12521d594e1c99302df88d8e1f07d74ab7983dbf572000b92c7c"
url = "https://download.oracle.com/graalvm/25/archive/graalvm-jdk-25.0.3_linux-x64_bin.tar.gz"

[tools.java."platforms.macos-arm64"]
checksum = "sha256:a3f02287883d76b18b2b80de56b0be5729acb3c04b81d4b0b0fdfcfd935228f3"
url = "https://download.oracle.com/graalvm/25/archive/graalvm-jdk-25.0.3_macos-aarch64_bin.tar.gz"

[tools.java."platforms.windows-x64"]
checksum = "sha256:8678e147a7e3c32eca47f1466d199b5c7346c9aad2ee55b51ebdf504d6ea7c72"
url = "https://download.oracle.com/graalvm/25/archive/graalvm-jdk-25.0.3_windows-x64_bin.zip"

[tools.java."platforms.windows-x64-baseline"]
checksum = "sha256:8678e147a7e3c32eca47f1466d199b5c7346c9aad2ee55b51ebdf504d6ea7c72"
url = "https://download.oracle.com/graalvm/25/archive/graalvm-jdk-25.0.3_windows-x64_bin.zip"

[[tools.rust]]
version = "1.97.0"
backend = "core:rust"

[tools.rust.options]
components = "clippy,rustfmt"
profile = "minimal"
